// !$*UTF8*$!
{
	archiveVersion = 1;
	classes = {
	};
	objectVersion = 46;
	objects = {

/* Begin PBXBuildFile section */
		12287AAD1C62D7E80070919C /* calendar51.png in Resources */ = {isa = PBXBuildFile; fileRef = 12287AAA1C62D7E80070919C /* calendar51.png */; };
		12287AAE1C62D7E80070919C /* calendar51@2x.png in Resources */ = {isa = PBXBuildFile; fileRef = 12287AAB1C62D7E80070919C /* calendar51@2x.png */; };
		12287AAF1C62D7E80070919C /* calendar51@3x.png in Resources */ = {isa = PBXBuildFile; fileRef = 12287AAC1C62D7E80070919C /* calendar51@3x.png */; };
		12287AB31C62DA9E0070919C /* paper47.png in Resources */ = {isa = PBXBuildFile; fileRef = 12287AB01C62DA9E0070919C /* paper47.png */; };
		12287AB41C62DA9E0070919C /* paper47@2x.png in Resources */ = {isa = PBXBuildFile; fileRef = 12287AB11C62DA9E0070919C /* paper47@2x.png */; };
		12287AB51C62DA9E0070919C /* paper47@3x.png in Resources */ = {isa = PBXBuildFile; fileRef = 12287AB21C62DA9E0070919C /* paper47@3x.png */; };
		12287AB71C62DE230070919C /* detailTableViewController.swift in Sources */ = {isa = PBXBuildFile; fileRef = 12287AB61C62DE230070919C /* detailTableViewController.swift */; };
		12FA89E41C62C21D009A3624 /* AppDelegate.swift in Sources */ = {isa = PBXBuildFile; fileRef = 12FA89E31C62C21D009A3624 /* AppDelegate.swift */; };
		12FA89E91C62C21D009A3624 /* Main.storyboard in Resources */ = {isa = PBXBuildFile; fileRef = 12FA89E71C62C21D009A3624 /* Main.storyboard */; };
		12FA89EB1C62C21D009A3624 /* Assets.xcassets in Resources */ = {isa = PBXBuildFile; fileRef = 12FA89EA1C62C21D009A3624 /* Assets.xcassets */; };
		12FA89EE1C62C21D009A3624 /* LaunchScreen.storyboard in Resources */ = {isa = PBXBuildFile; fileRef = 12FA89EC1C62C21D009A3624 /* LaunchScreen.storyboard */; };
		12FA89F91C62C310009A3624 /* eventlistTableViewController.swift in Sources */ = {isa = PBXBuildFile; fileRef = 12FA89F81C62C310009A3624 /* eventlistTableViewController.swift */; };
		12FB5E271C62EFE5009E3126 /* SafariServices.framework in Frameworks */ = {isa = PBXBuildFile; fileRef = 12FB5E261C62EFE5009E3126 /* SafariServices.framework */; };
		12FB5E2B1C630535009E3126 /* star61.png in Resources */ = {isa = PBXBuildFile; fileRef = 12FB5E281C630535009E3126 /* star61.png */; };
		12FB5E2C1C630535009E3126 /* star61@2x.png in Resources */ = {isa = PBXBuildFile; fileRef = 12FB5E291C630535009E3126 /* star61@2x.png */; };
		12FB5E2D1C630535009E3126 /* star61@3x.png in Resources */ = {isa = PBXBuildFile; fileRef = 12FB5E2A1C630535009E3126 /* star61@3x.png */; };
		12FB5E2F1C630A88009E3126 /* datebackdrop.png in Resources */ = {isa = PBXBuildFile; fileRef = 12FB5E2E1C630A88009E3126 /* datebackdrop.png */; };
		12FB5E351C63182F009E3126 /* backdrop-gpurple.png in Resources */ = {isa = PBXBuildFile; fileRef = 12FB5E341C63182F009E3126 /* backdrop-gpurple.png */; };
		12FB5E371C631931009E3126 /* launch.gif in Resources */ = {isa = PBXBuildFile; fileRef = 12FB5E361C631931009E3126 /* launch.gif */; };
/* End PBXBuildFile section */

/* Begin PBXFileReference section */
		12287AAA1C62D7E80070919C /* calendar51.png */ = {isa = PBXFileReference; lastKnownFileType = image.png; path = calendar51.png; sourceTree = "<group>"; };
		12287AAB1C62D7E80070919C /* calendar51@2x.png */ = {isa = PBXFileReference; lastKnownFileType = image.png; path = "calendar51@2x.png"; sourceTree = "<group>"; };
		12287AAC1C62D7E80070919C /* calendar51@3x.png */ = {isa = PBXFileReference; lastKnownFileType = image.png; path = "calendar51@3x.png"; sourceTree = "<group>"; };
		12287AB01C62DA9E0070919C /* paper47.png */ = {isa = PBXFileReference; lastKnownFileType = image.png; path = paper47.png; sourceTree = "<group>"; };
		12287AB11C62DA9E0070919C /* paper47@2x.png */ = {isa = PBXFileReference; lastKnownFileType = image.png; path = "paper47@2x.png"; sourceTree = "<group>"; };
		12287AB21C62DA9E0070919C /* paper47@3x.png */ = {isa = PBXFileReference; lastKnownFileType = image.png; path = "paper47@3x.png"; sourceTree = "<group>"; };
		12287AB61C62DE230070919C /* detailTableViewController.swift */ = {isa = PBXFileReference; fileEncoding = 4; lastKnownFileType = sourcecode.swift; path = detailTableViewController.swift; sourceTree = "<group>"; };
		12FA89E01C62C21D009A3624 /* Teacher Solutions Events.app */ = {isa = PBXFileReference; explicitFileType = wrapper.application; includeInIndex = 0; path = "Teacher Solutions Events.app"; sourceTree = BUILT_PRODUCTS_DIR; };
		12FA89E31C62C21D009A3624 /* AppDelegate.swift */ = {isa = PBXFileReference; lastKnownFileType = sourcecode.swift; path = AppDelegate.swift; sourceTree = "<group>"; };
		12FA89E81C62C21D009A3624 /* Base */ = {isa = PBXFileReference; lastKnownFileType = file.storyboard; name = Base; path = Base.lproj/Main.storyboard; sourceTree = "<group>"; };
		12FA89EA1C62C21D009A3624 /* Assets.xcassets */ = {isa = PBXFileReference; lastKnownFileType = folder.assetcatalog; path = Assets.xcassets; sourceTree = "<group>"; };
		12FA89ED1C62C21D009A3624 /* Base */ = {isa = PBXFileReference; lastKnownFileType = file.storyboard; name = Base; path = Base.lproj/LaunchScreen.storyboard; sourceTree = "<group>"; };
		12FA89EF1C62C21D009A3624 /* Info.plist */ = {isa = PBXFileReference; lastKnownFileType = text.plist.xml; path = Info.plist; sourceTree = "<group>"; };
		12FA89F81C62C310009A3624 /* eventlistTableViewController.swift */ = {isa = PBXFileReference; fileEncoding = 4; lastKnownFileType = sourcecode.swift; path = eventlistTableViewController.swift; sourceTree = "<group>"; };
		12FB5E261C62EFE5009E3126 /* SafariServices.framework */ = {isa = PBXFileReference; lastKnownFileType = wrapper.framework; name = SafariServices.framework; path = System/Library/Frameworks/SafariServices.framework; sourceTree = SDKROOT; };
		12FB5E281C630535009E3126 /* star61.png */ = {isa = PBXFileReference; lastKnownFileType = image.png; path = star61.png; sourceTree = "<group>"; };
		12FB5E291C630535009E3126 /* star61@2x.png */ = {isa = PBXFileReference; lastKnownFileType = image.png; path = "star61@2x.png"; sourceTree = "<group>"; };
		12FB5E2A1C630535009E3126 /* star61@3x.png */ = {isa = PBXFileReference; lastKnownFileType = image.png; path = "star61@3x.png"; sourceTree = "<group>"; };
		12FB5E2E1C630A88009E3126 /* datebackdrop.png */ = {isa = PBXFileReference; lastKnownFileType = image.png; path = datebackdrop.png; sourceTree = "<group>"; };
		12FB5E341C63182F009E3126 /* backdrop-gpurple.png */ = {isa = PBXFileReference; lastKnownFileType = image.png; path = "backdrop-gpurple.png"; sourceTree = "<group>"; };
		12FB5E361C631931009E3126 /* launch.gif */ = {isa = PBXFileReference; lastKnownFileType = image.gif; path = launch.gif; sourceTree = "<group>"; };
/* End PBXFileReference section */

/* Begin PBXFrameworksBuildPhase section */
		12FA89DD1C62C21D009A3624 /* Frameworks */ = {
			isa = PBXFrameworksBuildPhase;
			buildActionMask = 2147483647;
			files = (
				12FB5E271C62EFE5009E3126 /* SafariServices.framework in Frameworks */,
			);
			runOnlyForDeploymentPostprocessing = 0;
		};
/* End PBXFrameworksBuildPhase section */

/* Begin PBXGroup section */
		12FA89D71C62C21D009A3624 = {
			isa = PBXGroup;
			children = (
				12FB5E261C62EFE5009E3126 /* SafariServices.framework */,
				12FA89E21C62C21D009A3624 /* Teacher Solutions Events */,
				12FA89E11C62C21D009A3624 /* Products */,
			);
			sourceTree = "<group>";
		};
		12FA89E11C62C21D009A3624 /* Products */ = {
			isa = PBXGroup;
			children = (
				12FA89E01C62C21D009A3624 /* Teacher Solutions Events.app */,
			);
			name = Products;
			sourceTree = "<group>";
		};
		12FA89E21C62C21D009A3624 /* Teacher Solutions Events */ = {
			isa = PBXGroup;
			children = (
				12FA89F71C62C2F9009A3624 /* Controllers */,
				12FA89F51C62C2ED009A3624 /* Storyboards */,
				12FA89F61C62C2F5009A3624 /* Assets */,
			);
			path = "Teacher Solutions Events";
			sourceTree = "<group>";
		};
		12FA89F51C62C2ED009A3624 /* Storyboards */ = {
			isa = PBXGroup;
			children = (
				12FA89E71C62C21D009A3624 /* Main.storyboard */,
				12FA89EC1C62C21D009A3624 /* LaunchScreen.storyboard */,
			);
			name = Storyboards;
			sourceTree = "<group>";
		};
		12FA89F61C62C2F5009A3624 /* Assets */ = {
			isa = PBXGroup;
			children = (
				12FB5E361C631931009E3126 /* launch.gif */,
				12FB5E341C63182F009E3126 /* backdrop-gpurple.png */,
				12FB5E2E1C630A88009E3126 /* datebackdrop.png */,
				12FB5E281C630535009E3126 /* star61.png */,
				12FB5E291C630535009E3126 /* star61@2x.png */,
				12FB5E2A1C630535009E3126 /* star61@3x.png */,
				12287AAA1C62D7E80070919C /* calendar51.png */,
				12287AAB1C62D7E80070919C /* calendar51@2x.png */,
				12287AAC1C62D7E80070919C /* calendar51@3x.png */,
				12287AB01C62DA9E0070919C /* paper47.png */,
				12287AB11C62DA9E0070919C /* paper47@2x.png */,
				12287AB21C62DA9E0070919C /* paper47@3x.png */,
				12FA89EA1C62C21D009A3624 /* Assets.xcassets */,
				12FA89EF1C62C21D009A3624 /* Info.plist */,
			);
			name = Assets;
			sourceTree = "<group>";
		};
		12FA89F71C62C2F9009A3624 /* Controllers */ = {
			isa = PBXGroup;
			children = (
				12FA89E31C62C21D009A3624 /* AppDelegate.swift */,
				12FA89F81C62C310009A3624 /* eventlistTableViewController.swift */,
				12287AB61C62DE230070919C /* detailTableViewController.swift */,
			);
			name = Controllers;
			sourceTree = "<group>";
		};
/* End PBXGroup section */

/* Begin PBXNativeTarget section */
		12FA89DF1C62C21D009A3624 /* Teacher Solutions Events */ = {
			isa = PBXNativeTarget;
			buildConfigurationList = 12FA89F21C62C21D009A3624 /* Build configuration list for PBXNativeTarget "Teacher Solutions Events" */;
			buildPhases = (
				12FA89DC1C62C21D009A3624 /* Sources */,
				12FA89DD1C62C21D009A3624 /* Frameworks */,
				12FA89DE1C62C21D009A3624 /* Resources */,
			);
			buildRules = (
			);
			dependencies = (
			);
			name = "Teacher Solutions Events";
			productName = "Teacher Solutions Events";
			productReference = 12FA89E01C62C21D009A3624 /* Teacher Solutions Events.app */;
			productType = "com.apple.product-type.application";
		};
/* End PBXNativeTarget section */

/* Begin PBXProject section */
		12FA89D81C62C21D009A3624 /* Project object */ = {
			isa = PBXProject;
			attributes = {
				LastSwiftUpdateCheck = 0720;
				LastUpgradeCheck = 0720;
				ORGANIZATIONNAME = "Teacher Solutions, Pty Ltd";
				TargetAttributes = {
					12FA89DF1C62C21D009A3624 = {
						CreatedOnToolsVersion = 7.2.1;
						DevelopmentTeam = HK6R36PLNR;
					};
				};
			};
			buildConfigurationList = 12FA89DB1C62C21D009A3624 /* Build configuration list for PBXProject "Teacher Solutions Events" */;
			compatibilityVersion = "Xcode 3.2";
			developmentRegion = English;
			hasScannedForEncodings = 0;
			knownRegions = (
				en,
				Base,
			);
			mainGroup = 12FA89D71C62C21D009A3624;
			productRefGroup = 12FA89E11C62C21D009A3624 /* Products */;
			projectDirPath = "";
			projectRoot = "";
			targets = (
				12FA89DF1C62C21D009A3624 /* Teacher Solutions Events */,
			);
		};
/* End PBXProject section */

/* Begin PBXResourcesBuildPhase section */
		12FA89DE1C62C21D009A3624 /* Resources */ = {
			isa = PBXResourcesBuildPhase;
			buildActionMask = 2147483647;
			files = (
				12FA89EE1C62C21D009A3624 /* LaunchScreen.storyboard in Resources */,
				12287AB31C62DA9E0070919C /* paper47.png in Resources */,
				12FB5E2C1C630535009E3126 /* star61@2x.png in Resources */,
				12287AAD1C62D7E80070919C /* calendar51.png in Resources */,
				12287AAF1C62D7E80070919C /* calendar51@3x.png in Resources */,
				12FB5E2B1C630535009E3126 /* star61.png in Resources */,
				12FA89EB1C62C21D009A3624 /* Assets.xcassets in Resources */,
				12287AB51C62DA9E0070919C /* paper47@3x.png in Resources */,
				12FB5E2D1C630535009E3126 /* star61@3x.png in Resources */,
				12287AAE1C62D7E80070919C /* calendar51@2x.png in Resources */,
				12FB5E2F1C630A88009E3126 /* datebackdrop.png in Resources */,
				12FB5E371C631931009E3126 /* launch.gif in Resources */,
				12FB5E351C63182F009E3126 /* backdrop-gpurple.png in Resources */,
				12287AB41C62DA9E0070919C /* paper47@2x.png in Resources */,
				12FA89E91C62C21D009A3624 /* Main.storyboard in Resources */,
			);
			runOnlyForDeploymentPostprocessing = 0;
		};
/* End PBXResourcesBuildPhase section */

/* Begin PBXSourcesBuildPhase section */
		12FA89DC1C62C21D009A3624 /* Sources */ = {
			isa = PBXSourcesBuildPhase;
			buildActionMask = 2147483647;
			files = (
				12287AB71C62DE230070919C /* detailTableViewController.swift in Sources */,
				12FA89F91C62C310009A3624 /* eventlistTableViewController.swift in Sources */,
				12FA89E41C62C21D009A3624 /* AppDelegate.swift in Sources */,
			);
			runOnlyForDeploymentPostprocessing = 0;
		};
/* End PBXSourcesBuildPhase section */

/* Begin PBXVariantGroup section */
		12FA89E71C62C21D009A3624 /* Main.storyboard */ = {
			isa = PBXVariantGroup;
			children = (
				12FA89E81C62C21D009A3624 /* Base */,
			);
			name = Main.storyboard;
			sourceTree = "<group>";
		};
		12FA89EC1C62C21D009A3624 /* LaunchScreen.storyboard */ = {
			isa = PBXVariantGroup;
			children = (
				12FA89ED1C62C21D009A3624 /* Base */,
			);
			name = LaunchScreen.storyboard;
			sourceTree = "<group>";
		};
/* End PBXVariantGroup section */

/* Begin XCBuildConfiguration section */
		12FA89F01C62C21D009A3624 /* Debug */ = {
			isa = XCBuildConfiguration;
			buildSettings = {
				ALWAYS_SEARCH_USER_PATHS = NO;
				CLANG_CXX_LANGUAGE_STANDARD = "gnu++0x";
				CLANG_CXX_LIBRARY = "libc++";
				CLANG_ENABLE_MODULES = YES;
				CLANG_ENABLE_OBJC_ARC = YES;
				CLANG_WARN_BOOL_CONVERSION = YES;
				CLANG_WARN_CONSTANT_CONVERSION = YES;
				CLANG_WARN_DIRECT_OBJC_ISA_USAGE = YES_ERROR;
				CLANG_WARN_EMPTY_BODY = YES;
				CLANG_WARN_ENUM_CONVERSION = YES;
				CLANG_WARN_INT_CONVERSION = YES;
				CLANG_WARN_OBJC_ROOT_CLASS = YES_ERROR;
				CLANG_WARN_UNREACHABLE_CODE = YES;
				CLANG_WARN__DUPLICATE_METHOD_MATCH = YES;
				"CODE_SIGN_IDENTITY[sdk=iphoneos*]" = "iPhone Developer";
				COPY_PHASE_STRIP = NO;
				DEBUG_INFORMATION_FORMAT = dwarf;
				ENABLE_STRICT_OBJC_MSGSEND = YES;
				ENABLE_TESTABILITY = YES;
				GCC_C_LANGUAGE_STANDARD = gnu99;
				GCC_DYNAMIC_NO_PIC = NO;
				GCC_NO_COMMON_BLOCKS = YES;
				GCC_OPTIMIZATION_LEVEL = 0;
				GCC_PREPROCESSOR_DEFINITIONS = (
					"DEBUG=1",
					"$(inherited)",
				);
				GCC_WARN_64_TO_32_BIT_CONVERSION = YES;
				GCC_WARN_ABOUT_RETURN_TYPE = YES_ERROR;
				GCC_WARN_UNDECLARED_SELECTOR = YES;
				GCC_WARN_UNINITIALIZED_AUTOS = YES_AGGRESSIVE;
				GCC_WARN_UNUSED_FUNCTION = YES;
				GCC_WARN_UNUSED_VARIABLE = YES;
				IPHONEOS_DEPLOYMENT_TARGET = 9.2;
				MTL_ENABLE_DEBUG_INFO = YES;
				ONLY_ACTIVE_ARCH = YES;
				SDKROOT = iphoneos;
				SWIFT_OPTIMIZATION_LEVEL = "-Onone";
			};
			name = Debug;
		};
		12FA89F11C62C21D009A3624 /* Release */ = {
			isa = XCBuildConfiguration;
			buildSettings = {
				ALWAYS_SEARCH_USER_PATHS = NO;
				CLANG_CXX_LANGUAGE_STANDARD = "gnu++0x";
				CLANG_CXX_LIBRARY = "libc++";
				CLANG_ENABLE_MODULES = YES;
				CLANG_ENABLE_OBJC_ARC = YES;
				CLANG_WARN_BOOL_CONVERSION = YES;
				CLANG_WARN_CONSTANT_CONVERSION = YES;
				CLANG_WARN_DIRECT_OBJC_ISA_USAGE = YES_ERROR;
				CLANG_WARN_EMPTY_BODY = YES;
				CLANG_WARN_ENUM_CONVERSION = YES;
				CLANG_WARN_INT_CONVERSION = YES;
				CLANG_WARN_OBJC_ROOT_CLASS = YES_ERROR;
				CLANG_WARN_UNREACHABLE_CODE = YES;
				CLANG_WARN__DUPLICATE_METHOD_MATCH = YES;
				"CODE_SIGN_IDENTITY[sdk=iphoneos*]" = "iPhone Developer";
				COPY_PHASE_STRIP = NO;
				DEBUG_INFORMATION_FORMAT = "dwarf-with-dsym";
				ENABLE_NS_ASSERTIONS = NO;
				ENABLE_STRICT_OBJC_MSGSEND = YES;
				GCC_C_LANGUAGE_STANDARD = gnu99;
				GCC_NO_COMMON_BLOCKS = YES;
				GCC_WARN_64_TO_32_BIT_CONVERSION = YES;
				GCC_WARN_ABOUT_RETURN_TYPE = YES_ERROR;
				GCC_WARN_UNDECLARED_SELECTOR = YES;
				GCC_WARN_UNINITIALIZED_AUTOS = YES_AGGRESSIVE;
				GCC_WARN_UNUSED_FUNCTION = YES;
				GCC_WARN_UNUSED_VARIABLE = YES;
				IPHONEOS_DEPLOYMENT_TARGET = 9.2;
				MTL_ENABLE_DEBUG_INFO = NO;
				SDKROOT = iphoneos;
				VALIDATE_PRODUCT = YES;
			};
			name = Release;
		};
		12FA89F31C62C21D009A3624 /* Debug */ = {
			isa = XCBuildConfiguration;
			buildSettings = {
				ASSETCATALOG_COMPILER_APPICON_NAME = AppIcon;
				CODE_SIGN_IDENTITY = "iPhone Developer";
				"CODE_SIGN_IDENTITY[sdk=iphoneos*]" = "iPhone Developer";
				INFOPLIST_FILE = "Teacher Solutions Events/Info.plist";
				LD_RUNPATH_SEARCH_PATHS = "$(inherited) @executable_path/Frameworks";
				PRODUCT_BUNDLE_IDENTIFIER = "au.com.teachersolutions.Teacher-Solutions-Events";
				PRODUCT_NAME = "$(TARGET_NAME)";
				PROVISIONING_PROFILE = "";
			};
			name = Debug;
		};
		12FA89F41C62C21D009A3624 /* Release */ = {
			isa = XCBuildConfiguration;
			buildSettings = {
				ASSETCATALOG_COMPILER_APPICON_NAME = AppIcon;
				CODE_SIGN_IDENTITY = "iPhone Developer";
				"CODE_SIGN_IDENTITY[sdk=iphoneos*]" = "iPhone Developer";
				INFOPLIST_FILE = "Teacher Solutions Events/Info.plist";
				LD_RUNPATH_SEARCH_PATHS = "$(inherited) @executable_path/Frameworks";
				PRODUCT_BUNDLE_IDENTIFIER = "au.com.teachersolutions.Teacher-Solutions-Events";
				PRODUCT_NAME = "$(TARGET_NAME)";
				PROVISIONING_PROFILE = "";
			};
			name = Release;
		};
/* End XCBuildConfiguration section */

/* Begin XCConfigurationList section */
		12FA89DB1C62C21D009A3624 /* Build configuration list for PBXProject "Teacher Solutions Events" */ = {
			isa = XCConfigurationList;
			buildConfigurations = (
				12FA89F01C62C21D009A3624 /* Debug */,
				12FA89F11C62C21D009A3624 /* Release */,
			);
			defaultConfigurationIsVisible = 0;
			defaultConfigurationName = Release;
		};
		12FA89F21C62C21D009A3624 /* Build configuration list for PBXNativeTarget "Teacher Solutions Events" */ = {
			isa = XCConfigurationList;
			buildConfigurations = (
				12FA89F31C62C21D009A3624 /* Debug */,
				12FA89F41C62C21D009A3624 /* Release */,
			);
			defaultConfigurationIsVisible = 0;
			defaultConfigurationName = Release;
		};
/* End XCConfigurationList section */
	};
	rootObject = 12FA89D81C62C21D009A3624 /* Project object */;
}
